// !$*UTF8*$!
{
	archiveVersion = 1;
	classes = {
	};
	objectVersion = 46;
	objects = {

/* Begin PBXBuildFile section */
		2929A78E41E22393CAE0C015 /* Pods_NSS.framework in Frameworks */ = {isa = PBXBuildFile; fileRef = 949D18E916CB1A8E069F282A /* Pods_NSS.framework */; };
		86D2B0779B4ABDFB41471B68 /* Pods_NSSTests.framework in Frameworks */ = {isa = PBXBuildFile; fileRef = B5000BF5337AB3BE73F67125 /* Pods_NSSTests.framework */; };
		B57257EACAAD9D7818012036 /* Pods_NSSUITests.framework in Frameworks */ = {isa = PBXBuildFile; fileRef = B667D122F3C315F0138E6C7E /* Pods_NSSUITests.framework */; };
		C64111442034A9DE00D8D6BC /* TableViewEventStudentCell.swift in Sources */ = {isa = PBXBuildFile; fileRef = C64111422034A9DE00D8D6BC /* TableViewEventStudentCell.swift */; };
		C64111452034A9DE00D8D6BC /* TableViewEventStudentCell.xib in Resources */ = {isa = PBXBuildFile; fileRef = C64111432034A9DE00D8D6BC /* TableViewEventStudentCell.xib */; };
		C64111472034C78500D8D6BC /* updateStudentDetails.swift in Sources */ = {isa = PBXBuildFile; fileRef = C64111462034C78500D8D6BC /* updateStudentDetails.swift */; };
		C6822CF820321C5B00068848 /* EventsP.swift in Sources */ = {isa = PBXBuildFile; fileRef = C6822CF720321C5B00068848 /* EventsP.swift */; };
		C6822CFA20321C6A00068848 /* StudentsP.swift in Sources */ = {isa = PBXBuildFile; fileRef = C6822CF920321C6A00068848 /* StudentsP.swift */; };
		C6822CFC20321C7600068848 /* EventsS.swift in Sources */ = {isa = PBXBuildFile; fileRef = C6822CFB20321C7600068848 /* EventsS.swift */; };
		C6822CFE2032237A00068848 /* Event.swift in Sources */ = {isa = PBXBuildFile; fileRef = C6822CFD2032237A00068848 /* Event.swift */; };
		C6822D0320322B8200068848 /* TableViewCell.swift in Sources */ = {isa = PBXBuildFile; fileRef = C6822D0120322B8200068848 /* TableViewCell.swift */; };
		C6822D0420322B8200068848 /* TableViewCell.xib in Resources */ = {isa = PBXBuildFile; fileRef = C6822D0220322B8200068848 /* TableViewCell.xib */; };
		C6822D062032364B00068848 /* EventInfo.swift in Sources */ = {isa = PBXBuildFile; fileRef = C6822D052032364B00068848 /* EventInfo.swift */; };
		C6822D09203244EF00068848 /* TableViewStudentCell.swift in Sources */ = {isa = PBXBuildFile; fileRef = C6822D07203244EF00068848 /* TableViewStudentCell.swift */; };
		C6822D0A203244EF00068848 /* TableViewStudentCell.xib in Resources */ = {isa = PBXBuildFile; fileRef = C6822D08203244EF00068848 /* TableViewStudentCell.xib */; };
		C6822D0C2032463C00068848 /* Studentinfo.swift in Sources */ = {isa = PBXBuildFile; fileRef = C6822D0B2032463C00068848 /* Studentinfo.swift */; };
		C697AE8C20330E420047BFF2 /* addEvent.swift in Sources */ = {isa = PBXBuildFile; fileRef = C697AE8B20330E420047BFF2 /* addEvent.swift */; };
		C6FEB568203197F700ABEFC1 /* AppDelegate.swift in Sources */ = {isa = PBXBuildFile; fileRef = C6FEB567203197F700ABEFC1 /* AppDelegate.swift */; };
		C6FEB56A203197F700ABEFC1 /* ViewController.swift in Sources */ = {isa = PBXBuildFile; fileRef = C6FEB569203197F700ABEFC1 /* ViewController.swift */; };
		C6FEB56D203197F700ABEFC1 /* Main.storyboard in Resources */ = {isa = PBXBuildFile; fileRef = C6FEB56B203197F700ABEFC1 /* Main.storyboard */; };
		C6FEB56F203197F700ABEFC1 /* Assets.xcassets in Resources */ = {isa = PBXBuildFile; fileRef = C6FEB56E203197F700ABEFC1 /* Assets.xcassets */; };
		C6FEB572203197F700ABEFC1 /* LaunchScreen.storyboard in Resources */ = {isa = PBXBuildFile; fileRef = C6FEB570203197F700ABEFC1 /* LaunchScreen.storyboard */; };
		C6FEB57D203197F700ABEFC1 /* NSSTests.swift in Sources */ = {isa = PBXBuildFile; fileRef = C6FEB57C203197F700ABEFC1 /* NSSTests.swift */; };
		C6FEB588203197F700ABEFC1 /* NSSUITests.swift in Sources */ = {isa = PBXBuildFile; fileRef = C6FEB587203197F700ABEFC1 /* NSSUITests.swift */; };
		C6FEB5982031CA4700ABEFC1 /* GoogleService-Info.plist in Resources */ = {isa = PBXBuildFile; fileRef = C6FEB5972031CA4700ABEFC1 /* GoogleService-Info.plist */; };
/* End PBXBuildFile section */

/* Begin PBXContainerItemProxy section */
		C6FEB579203197F700ABEFC1 /* PBXContainerItemProxy */ = {
			isa = PBXContainerItemProxy;
			containerPortal = C6FEB55C203197F700ABEFC1 /* Project object */;
			proxyType = 1;
			remoteGlobalIDString = C6FEB563203197F700ABEFC1;
			remoteInfo = NSS;
		};
		C6FEB584203197F700ABEFC1 /* PBXContainerItemProxy */ = {
			isa = PBXContainerItemProxy;
			containerPortal = C6FEB55C203197F700ABEFC1 /* Project object */;
			proxyType = 1;
			remoteGlobalIDString = C6FEB563203197F700ABEFC1;
			remoteInfo = NSS;
		};
/* End PBXContainerItemProxy section */

/* Begin PBXFileReference section */
		1E3096D36EE03C2674FCEA1F /* Pods-NSS.debug.xcconfig */ = {isa = PBXFileReference; includeInIndex = 1; lastKnownFileType = text.xcconfig; name = "Pods-NSS.debug.xcconfig"; path = "Pods/Target Support Files/Pods-NSS/Pods-NSS.debug.xcconfig"; sourceTree = "<group>"; };
		59D20F2BABBBC1768A3C46C9 /* Pods-NSS.release.xcconfig */ = {isa = PBXFileReference; includeInIndex = 1; lastKnownFileType = text.xcconfig; name = "Pods-NSS.release.xcconfig"; path = "Pods/Target Support Files/Pods-NSS/Pods-NSS.release.xcconfig"; sourceTree = "<group>"; };
		68940D94E6DE0291DC0130CA /* Pods-NSSUITests.release.xcconfig */ = {isa = PBXFileReference; includeInIndex = 1; lastKnownFileType = text.xcconfig; name = "Pods-NSSUITests.release.xcconfig"; path = "Pods/Target Support Files/Pods-NSSUITests/Pods-NSSUITests.release.xcconfig"; sourceTree = "<group>"; };
		6D65E222D63CB00F116D3F69 /* Pods-NSSTests.release.xcconfig */ = {isa = PBXFileReference; includeInIndex = 1; lastKnownFileType = text.xcconfig; name = "Pods-NSSTests.release.xcconfig"; path = "Pods/Target Support Files/Pods-NSSTests/Pods-NSSTests.release.xcconfig"; sourceTree = "<group>"; };
		949D18E916CB1A8E069F282A /* Pods_NSS.framework */ = {isa = PBXFileReference; explicitFileType = wrapper.framework; includeInIndex = 0; path = Pods_NSS.framework; sourceTree = BUILT_PRODUCTS_DIR; };
		B5000BF5337AB3BE73F67125 /* Pods_NSSTests.framework */ = {isa = PBXFileReference; explicitFileType = wrapper.framework; includeInIndex = 0; path = Pods_NSSTests.framework; sourceTree = BUILT_PRODUCTS_DIR; };
		B667D122F3C315F0138E6C7E /* Pods_NSSUITests.framework */ = {isa = PBXFileReference; explicitFileType = wrapper.framework; includeInIndex = 0; path = Pods_NSSUITests.framework; sourceTree = BUILT_PRODUCTS_DIR; };
		C64111422034A9DE00D8D6BC /* TableViewEventStudentCell.swift */ = {isa = PBXFileReference; fileEncoding = 4; lastKnownFileType = sourcecode.swift; path = TableViewEventStudentCell.swift; sourceTree = "<group>"; };
		C64111432034A9DE00D8D6BC /* TableViewEventStudentCell.xib */ = {isa = PBXFileReference; fileEncoding = 4; lastKnownFileType = file.xib; path = TableViewEventStudentCell.xib; sourceTree = "<group>"; };
		C64111462034C78500D8D6BC /* updateStudentDetails.swift */ = {isa = PBXFileReference; fileEncoding = 4; lastKnownFileType = sourcecode.swift; path = updateStudentDetails.swift; sourceTree = "<group>"; };
		C6822CF720321C5B00068848 /* EventsP.swift */ = {isa = PBXFileReference; fileEncoding = 4; lastKnownFileType = sourcecode.swift; path = EventsP.swift; sourceTree = "<group>"; };
		C6822CF920321C6A00068848 /* StudentsP.swift */ = {isa = PBXFileReference; fileEncoding = 4; lastKnownFileType = sourcecode.swift; path = StudentsP.swift; sourceTree = "<group>"; };
		C6822CFB20321C7600068848 /* EventsS.swift */ = {isa = PBXFileReference; fileEncoding = 4; lastKnownFileType = sourcecode.swift; path = EventsS.swift; sourceTree = "<group>"; };
		C6822CFD2032237A00068848 /* Event.swift */ = {isa = PBXFileReference; fileEncoding = 4; lastKnownFileType = sourcecode.swift; path = Event.swift; sourceTree = "<group>"; };
		C6822D0120322B8200068848 /* TableViewCell.swift */ = {isa = PBXFileReference; fileEncoding = 4; lastKnownFileType = sourcecode.swift; path = TableViewCell.swift; sourceTree = "<group>"; };
		C6822D0220322B8200068848 /* TableViewCell.xib */ = {isa = PBXFileReference; fileEncoding = 4; lastKnownFileType = file.xib; path = TableViewCell.xib; sourceTree = "<group>"; };
		C6822D052032364B00068848 /* EventInfo.swift */ = {isa = PBXFileReference; fileEncoding = 4; lastKnownFileType = sourcecode.swift; path = EventInfo.swift; sourceTree = "<group>"; };
		C6822D07203244EF00068848 /* TableViewStudentCell.swift */ = {isa = PBXFileReference; fileEncoding = 4; lastKnownFileType = sourcecode.swift; path = TableViewStudentCell.swift; sourceTree = "<group>"; };
		C6822D08203244EF00068848 /* TableViewStudentCell.xib */ = {isa = PBXFileReference; fileEncoding = 4; lastKnownFileType = file.xib; path = TableViewStudentCell.xib; sourceTree = "<group>"; };
		C6822D0B2032463C00068848 /* Studentinfo.swift */ = {isa = PBXFileReference; fileEncoding = 4; lastKnownFileType = sourcecode.swift; path = Studentinfo.swift; sourceTree = "<group>"; };
		C697AE8B20330E420047BFF2 /* addEvent.swift */ = {isa = PBXFileReference; fileEncoding = 4; lastKnownFileType = sourcecode.swift; path = addEvent.swift; sourceTree = "<group>"; };
		C6FEB564203197F700ABEFC1 /* NSS.app */ = {isa = PBXFileReference; explicitFileType = wrapper.application; includeInIndex = 0; path = NSS.app; sourceTree = BUILT_PRODUCTS_DIR; };
		C6FEB567203197F700ABEFC1 /* AppDelegate.swift */ = {isa = PBXFileReference; lastKnownFileType = sourcecode.swift; path = AppDelegate.swift; sourceTree = "<group>"; };
		C6FEB569203197F700ABEFC1 /* ViewController.swift */ = {isa = PBXFileReference; lastKnownFileType = sourcecode.swift; path = ViewController.swift; sourceTree = "<group>"; };
		C6FEB56C203197F700ABEFC1 /* Base */ = {isa = PBXFileReference; lastKnownFileType = file.storyboard; name = Base; path = Base.lproj/Main.storyboard; sourceTree = "<group>"; };
		C6FEB56E203197F700ABEFC1 /* Assets.xcassets */ = {isa = PBXFileReference; lastKnownFileType = folder.assetcatalog; path = Assets.xcassets; sourceTree = "<group>"; };
		C6FEB571203197F700ABEFC1 /* Base */ = {isa = PBXFileReference; lastKnownFileType = file.storyboard; name = Base; path = Base.lproj/LaunchScreen.storyboard; sourceTree = "<group>"; };
		C6FEB573203197F700ABEFC1 /* Info.plist */ = {isa = PBXFileReference; lastKnownFileType = text.plist.xml; path = Info.plist; sourceTree = "<group>"; };
		C6FEB578203197F700ABEFC1 /* NSSTests.xctest */ = {isa = PBXFileReference; explicitFileType = wrapper.cfbundle; includeInIndex = 0; path = NSSTests.xctest; sourceTree = BUILT_PRODUCTS_DIR; };
		C6FEB57C203197F700ABEFC1 /* NSSTests.swift */ = {isa = PBXFileReference; lastKnownFileType = sourcecode.swift; path = NSSTests.swift; sourceTree = "<group>"; };
		C6FEB57E203197F700ABEFC1 /* Info.plist */ = {isa = PBXFileReference; lastKnownFileType = text.plist.xml; path = Info.plist; sourceTree = "<group>"; };
		C6FEB583203197F700ABEFC1 /* NSSUITests.xctest */ = {isa = PBXFileReference; explicitFileType = wrapper.cfbundle; includeInIndex = 0; path = NSSUITests.xctest; sourceTree = BUILT_PRODUCTS_DIR; };
		C6FEB587203197F700ABEFC1 /* NSSUITests.swift */ = {isa = PBXFileReference; lastKnownFileType = sourcecode.swift; path = NSSUITests.swift; sourceTree = "<group>"; };
		C6FEB589203197F700ABEFC1 /* Info.plist */ = {isa = PBXFileReference; lastKnownFileType = text.plist.xml; path = Info.plist; sourceTree = "<group>"; };
		C6FEB5972031CA4700ABEFC1 /* GoogleService-Info.plist */ = {isa = PBXFileReference; fileEncoding = 4; lastKnownFileType = text.plist.xml; path = "GoogleService-Info.plist"; sourceTree = "<group>"; };
		E625B47D698FC216576D1492 /* Pods-NSSUITests.debug.xcconfig */ = {isa = PBXFileReference; includeInIndex = 1; lastKnownFileType = text.xcconfig; name = "Pods-NSSUITests.debug.xcconfig"; path = "Pods/Target Support Files/Pods-NSSUITests/Pods-NSSUITests.debug.xcconfig"; sourceTree = "<group>"; };
		F75BE00B1C024FAD4FBB949B /* Pods-NSSTests.debug.xcconfig */ = {isa = PBXFileReference; includeInIndex = 1; lastKnownFileType = text.xcconfig; name = "Pods-NSSTests.debug.xcconfig"; path = "Pods/Target Support Files/Pods-NSSTests/Pods-NSSTests.debug.xcconfig"; sourceTree = "<group>"; };
/* End PBXFileReference section */

/* Begin PBXFrameworksBuildPhase section */
		C6FEB561203197F700ABEFC1 /* Frameworks */ = {
			isa = PBXFrameworksBuildPhase;
			buildActionMask = 2147483647;
			files = (
				2929A78E41E22393CAE0C015 /* Pods_NSS.framework in Frameworks */,
			);
			runOnlyForDeploymentPostprocessing = 0;
		};
		C6FEB575203197F700ABEFC1 /* Frameworks */ = {
			isa = PBXFrameworksBuildPhase;
			buildActionMask = 2147483647;
			files = (
				86D2B0779B4ABDFB41471B68 /* Pods_NSSTests.framework in Frameworks */,
			);
			runOnlyForDeploymentPostprocessing = 0;
		};
		C6FEB580203197F700ABEFC1 /* Frameworks */ = {
			isa = PBXFrameworksBuildPhase;
			buildActionMask = 2147483647;
			files = (
				B57257EACAAD9D7818012036 /* Pods_NSSUITests.framework in Frameworks */,
			);
			runOnlyForDeploymentPostprocessing = 0;
		};
/* End PBXFrameworksBuildPhase section */

/* Begin PBXGroup section */
		53D1CF209A07EFE3D121D828 /* Pods */ = {
			isa = PBXGroup;
			children = (
				1E3096D36EE03C2674FCEA1F /* Pods-NSS.debug.xcconfig */,
				59D20F2BABBBC1768A3C46C9 /* Pods-NSS.release.xcconfig */,
				F75BE00B1C024FAD4FBB949B /* Pods-NSSTests.debug.xcconfig */,
				6D65E222D63CB00F116D3F69 /* Pods-NSSTests.release.xcconfig */,
				E625B47D698FC216576D1492 /* Pods-NSSUITests.debug.xcconfig */,
				68940D94E6DE0291DC0130CA /* Pods-NSSUITests.release.xcconfig */,
			);
			name = Pods;
			sourceTree = "<group>";
		};
		BAF4515328958DC7025EF33D /* Frameworks */ = {
			isa = PBXGroup;
			children = (
				949D18E916CB1A8E069F282A /* Pods_NSS.framework */,
				B5000BF5337AB3BE73F67125 /* Pods_NSSTests.framework */,
				B667D122F3C315F0138E6C7E /* Pods_NSSUITests.framework */,
			);
			name = Frameworks;
			sourceTree = "<group>";
		};
		C6FEB55B203197F700ABEFC1 = {
			isa = PBXGroup;
			children = (
				C6FEB566203197F700ABEFC1 /* NSS */,
				C6FEB57B203197F700ABEFC1 /* NSSTests */,
				C6FEB586203197F700ABEFC1 /* NSSUITests */,
				C6FEB565203197F700ABEFC1 /* Products */,
				53D1CF209A07EFE3D121D828 /* Pods */,
				BAF4515328958DC7025EF33D /* Frameworks */,
			);
			sourceTree = "<group>";
		};
		C6FEB565203197F700ABEFC1 /* Products */ = {
			isa = PBXGroup;
			children = (
				C6FEB564203197F700ABEFC1 /* NSS.app */,
				C6FEB578203197F700ABEFC1 /* NSSTests.xctest */,
				C6FEB583203197F700ABEFC1 /* NSSUITests.xctest */,
			);
			name = Products;
			sourceTree = "<group>";
		};
		C6FEB566203197F700ABEFC1 /* NSS */ = {
			isa = PBXGroup;
			children = (
				C6FEB567203197F700ABEFC1 /* AppDelegate.swift */,
				C6FEB569203197F700ABEFC1 /* ViewController.swift */,
				C6FEB56B203197F700ABEFC1 /* Main.storyboard */,
				C6FEB56E203197F700ABEFC1 /* Assets.xcassets */,
				C6FEB570203197F700ABEFC1 /* LaunchScreen.storyboard */,
				C6FEB5972031CA4700ABEFC1 /* GoogleService-Info.plist */,
				C6FEB573203197F700ABEFC1 /* Info.plist */,
				C6822CF720321C5B00068848 /* EventsP.swift */,
				C6822CF920321C6A00068848 /* StudentsP.swift */,
				C6822CFB20321C7600068848 /* EventsS.swift */,
				C6822CFD2032237A00068848 /* Event.swift */,
				C6822D0120322B8200068848 /* TableViewCell.swift */,
				C6822D0220322B8200068848 /* TableViewCell.xib */,
				C6822D052032364B00068848 /* EventInfo.swift */,
				C6822D07203244EF00068848 /* TableViewStudentCell.swift */,
				C6822D08203244EF00068848 /* TableViewStudentCell.xib */,
				C6822D0B2032463C00068848 /* Studentinfo.swift */,
				C697AE8B20330E420047BFF2 /* addEvent.swift */,
				C64111422034A9DE00D8D6BC /* TableViewEventStudentCell.swift */,
				C64111432034A9DE00D8D6BC /* TableViewEventStudentCell.xib */,
				C64111462034C78500D8D6BC /* updateStudentDetails.swift */,
			);
			path = NSS;
			sourceTree = "<group>";
		};
		C6FEB57B203197F700ABEFC1 /* NSSTests */ = {
			isa = PBXGroup;
			children = (
				C6FEB57C203197F700ABEFC1 /* NSSTests.swift */,
				C6FEB57E203197F700ABEFC1 /* Info.plist */,
			);
			path = NSSTests;
			sourceTree = "<group>";
		};
		C6FEB586203197F700ABEFC1 /* NSSUITests */ = {
			isa = PBXGroup;
			children = (
				C6FEB587203197F700ABEFC1 /* NSSUITests.swift */,
				C6FEB589203197F700ABEFC1 /* Info.plist */,
			);
			path = NSSUITests;
			sourceTree = "<group>";
		};
/* End PBXGroup section */

/* Begin PBXNativeTarget section */
		C6FEB563203197F700ABEFC1 /* NSS */ = {
			isa = PBXNativeTarget;
			buildConfigurationList = C6FEB58C203197F800ABEFC1 /* Build configuration list for PBXNativeTarget "NSS" */;
			buildPhases = (
				30FDC6BD46E99889F5182F11 /* [CP] Check Pods Manifest.lock */,
				C6FEB560203197F700ABEFC1 /* Sources */,
				C6FEB561203197F700ABEFC1 /* Frameworks */,
				C6FEB562203197F700ABEFC1 /* Resources */,
				307183DB33376EB24BFA1058 /* [CP] Embed Pods Frameworks */,
				E3959E1D5BC9773323AF79F8 /* [CP] Copy Pods Resources */,
			);
			buildRules = (
			);
			dependencies = (
			);
			name = NSS;
			productName = NSS;
			productReference = C6FEB564203197F700ABEFC1 /* NSS.app */;
			productType = "com.apple.product-type.application";
		};
		C6FEB577203197F700ABEFC1 /* NSSTests */ = {
			isa = PBXNativeTarget;
			buildConfigurationList = C6FEB58F203197F800ABEFC1 /* Build configuration list for PBXNativeTarget "NSSTests" */;
			buildPhases = (
				8FC09BDEA31BA57C34491C80 /* [CP] Check Pods Manifest.lock */,
				C6FEB574203197F700ABEFC1 /* Sources */,
				C6FEB575203197F700ABEFC1 /* Frameworks */,
				C6FEB576203197F700ABEFC1 /* Resources */,
				26118AE993F2BD97FD6DE3F8 /* [CP] Embed Pods Frameworks */,
				F1259B7586452AF54A252925 /* [CP] Copy Pods Resources */,
			);
			buildRules = (
			);
			dependencies = (
				C6FEB57A203197F700ABEFC1 /* PBXTargetDependency */,
			);
			name = NSSTests;
			productName = NSSTests;
			productReference = C6FEB578203197F700ABEFC1 /* NSSTests.xctest */;
			productType = "com.apple.product-type.bundle.unit-test";
		};
		C6FEB582203197F700ABEFC1 /* NSSUITests */ = {
			isa = PBXNativeTarget;
			buildConfigurationList = C6FEB592203197F800ABEFC1 /* Build configuration list for PBXNativeTarget "NSSUITests" */;
			buildPhases = (
				C801C334CB5346772E9BF076 /* [CP] Check Pods Manifest.lock */,
				C6FEB57F203197F700ABEFC1 /* Sources */,
				C6FEB580203197F700ABEFC1 /* Frameworks */,
				C6FEB581203197F700ABEFC1 /* Resources */,
				566A77F88BAF434256606EA0 /* [CP] Embed Pods Frameworks */,
				FCA2AB8D01106DB91E905C2F /* [CP] Copy Pods Resources */,
			);
			buildRules = (
			);
			dependencies = (
				C6FEB585203197F700ABEFC1 /* PBXTargetDependency */,
			);
			name = NSSUITests;
			productName = NSSUITests;
			productReference = C6FEB583203197F700ABEFC1 /* NSSUITests.xctest */;
			productType = "com.apple.product-type.bundle.ui-testing";
		};
/* End PBXNativeTarget section */

/* Begin PBXProject section */
		C6FEB55C203197F700ABEFC1 /* Project object */ = {
			isa = PBXProject;
			attributes = {
				LastSwiftUpdateCheck = 0830;
				LastUpgradeCheck = 0830;
				ORGANIZATIONNAME = "Rahul Rishav Mohanti";
				TargetAttributes = {
					C6FEB563203197F700ABEFC1 = {
						CreatedOnToolsVersion = 8.3.2;
						DevelopmentTeam = JDJ9US37MV;
						ProvisioningStyle = Automatic;
					};
					C6FEB577203197F700ABEFC1 = {
						CreatedOnToolsVersion = 8.3.2;
						ProvisioningStyle = Automatic;
						TestTargetID = C6FEB563203197F700ABEFC1;
					};
					C6FEB582203197F700ABEFC1 = {
						CreatedOnToolsVersion = 8.3.2;
						ProvisioningStyle = Automatic;
						TestTargetID = C6FEB563203197F700ABEFC1;
					};
				};
			};
			buildConfigurationList = C6FEB55F203197F700ABEFC1 /* Build configuration list for PBXProject "NSS" */;
			compatibilityVersion = "Xcode 3.2";
			developmentRegion = English;
			hasScannedForEncodings = 0;
			knownRegions = (
				en,
				Base,
			);
			mainGroup = C6FEB55B203197F700ABEFC1;
			productRefGroup = C6FEB565203197F700ABEFC1 /* Products */;
			projectDirPath = "";
			projectRoot = "";
			targets = (
				C6FEB563203197F700ABEFC1 /* NSS */,
				C6FEB577203197F700ABEFC1 /* NSSTests */,
				C6FEB582203197F700ABEFC1 /* NSSUITests */,
			);
		};
/* End PBXProject section */

/* Begin PBXResourcesBuildPhase section */
		C6FEB562203197F700ABEFC1 /* Resources */ = {
			isa = PBXResourcesBuildPhase;
			buildActionMask = 2147483647;
			files = (
				C64111452034A9DE00D8D6BC /* TableViewEventStudentCell.xib in Resources */,
				C6FEB572203197F700ABEFC1 /* LaunchScreen.storyboard in Resources */,
				C6822D0420322B8200068848 /* TableViewCell.xib in Resources */,
				C6FEB5982031CA4700ABEFC1 /* GoogleService-Info.plist in Resources */,
				C6822D0A203244EF00068848 /* TableViewStudentCell.xib in Resources */,
				C6FEB56F203197F700ABEFC1 /* Assets.xcassets in Resources */,
				C6FEB56D203197F700ABEFC1 /* Main.storyboard in Resources */,
			);
			runOnlyForDeploymentPostprocessing = 0;
		};
		C6FEB576203197F700ABEFC1 /* Resources */ = {
			isa = PBXResourcesBuildPhase;
			buildActionMask = 2147483647;
			files = (
			);
			runOnlyForDeploymentPostprocessing = 0;
		};
		C6FEB581203197F700ABEFC1 /* Resources */ = {
			isa = PBXResourcesBuildPhase;
			buildActionMask = 2147483647;
			files = (
			);
			runOnlyForDeploymentPostprocessing = 0;
		};
/* End PBXResourcesBuildPhase section */

/* Begin PBXShellScriptBuildPhase section */
		26118AE993F2BD97FD6DE3F8 /* [CP] Embed Pods Frameworks */ = {
			isa = PBXShellScriptBuildPhase;
			buildActionMask = 2147483647;
			files = (
			);
			inputPaths = (
			);
			name = "[CP] Embed Pods Frameworks";
			outputPaths = (
			);
			runOnlyForDeploymentPostprocessing = 0;
			shellPath = /bin/sh;
			shellScript = "\"${SRCROOT}/Pods/Target Support Files/Pods-NSSTests/Pods-NSSTests-frameworks.sh\"\n";
			showEnvVarsInLog = 0;
		};
		307183DB33376EB24BFA1058 /* [CP] Embed Pods Frameworks */ = {
			isa = PBXShellScriptBuildPhase;
			buildActionMask = 2147483647;
			files = (
			);
			inputPaths = (
				"${SRCROOT}/Pods/Target Support Files/Pods-NSS/Pods-NSS-frameworks.sh",
				"${BUILT_PRODUCTS_DIR}/Canvas/Canvas.framework",
				"${BUILT_PRODUCTS_DIR}/GTMSessionFetcher/GTMSessionFetcher.framework",
				"${BUILT_PRODUCTS_DIR}/GoogleToolboxForMac/GoogleToolboxForMac.framework",
				"${BUILT_PRODUCTS_DIR}/TextFieldEffects/TextFieldEffects.framework",
				"${BUILT_PRODUCTS_DIR}/nanopb/nanopb.framework",
			);
			name = "[CP] Embed Pods Frameworks";
			outputPaths = (
				"${TARGET_BUILD_DIR}/${FRAMEWORKS_FOLDER_PATH}/Canvas.framework",
				"${TARGET_BUILD_DIR}/${FRAMEWORKS_FOLDER_PATH}/GTMSessionFetcher.framework",
				"${TARGET_BUILD_DIR}/${FRAMEWORKS_FOLDER_PATH}/GoogleToolboxForMac.framework",
				"${TARGET_BUILD_DIR}/${FRAMEWORKS_FOLDER_PATH}/TextFieldEffects.framework",
				"${TARGET_BUILD_DIR}/${FRAMEWORKS_FOLDER_PATH}/nanopb.framework",
			);
			runOnlyForDeploymentPostprocessing = 0;
			shellPath = /bin/sh;
			shellScript = "\"${SRCROOT}/Pods/Target Support Files/Pods-NSS/Pods-NSS-frameworks.sh\"\n";
			showEnvVarsInLog = 0;
		};
		30FDC6BD46E99889F5182F11 /* [CP] Check Pods Manifest.lock */ = {
			isa = PBXShellScriptBuildPhase;
			buildActionMask = 2147483647;
			files = (
			);
			inputPaths = (
				"${PODS_PODFILE_DIR_PATH}/Podfile.lock",
				"${PODS_ROOT}/Manifest.lock",
			);
			name = "[CP] Check Pods Manifest.lock";
			outputPaths = (
				"$(DERIVED_FILE_DIR)/Pods-NSS-checkManifestLockResult.txt",
			);
			runOnlyForDeploymentPostprocessing = 0;
			shellPath = /bin/sh;
			shellScript = "diff \"${PODS_PODFILE_DIR_PATH}/Podfile.lock\" \"${PODS_ROOT}/Manifest.lock\" > /dev/null\nif [ $? != 0 ] ; then\n    # print error to STDERR\n    echo \"error: The sandbox is not in sync with the Podfile.lock. Run 'pod install' or update your CocoaPods installation.\" >&2\n    exit 1\nfi\n# This output is used by Xcode 'outputs' to avoid re-running this script phase.\necho \"SUCCESS\" > \"${SCRIPT_OUTPUT_FILE_0}\"\n";
			showEnvVarsInLog = 0;
		};
		566A77F88BAF434256606EA0 /* [CP] Embed Pods Frameworks */ = {
			isa = PBXShellScriptBuildPhase;
			buildActionMask = 2147483647;
			files = (
			);
			inputPaths = (
			);
			name = "[CP] Embed Pods Frameworks";
			outputPaths = (
			);
			runOnlyForDeploymentPostprocessing = 0;
			shellPath = /bin/sh;
			shellScript = "\"${SRCROOT}/Pods/Target Support Files/Pods-NSSUITests/Pods-NSSUITests-frameworks.sh\"\n";
			showEnvVarsInLog = 0;
		};
		8FC09BDEA31BA57C34491C80 /* [CP] Check Pods Manifest.lock */ = {
			isa = PBXShellScriptBuildPhase;
			buildActionMask = 2147483647;
			files = (
			);
			inputPaths = (
				"${PODS_PODFILE_DIR_PATH}/Podfile.lock",
				"${PODS_ROOT}/Manifest.lock",
			);
			name = "[CP] Check Pods Manifest.lock";
			outputPaths = (
				"$(DERIVED_FILE_DIR)/Pods-NSSTests-checkManifestLockResult.txt",
			);
			runOnlyForDeploymentPostprocessing = 0;
			shellPath = /bin/sh;
			shellScript = "diff \"${PODS_PODFILE_DIR_PATH}/Podfile.lock\" \"${PODS_ROOT}/Manifest.lock\" > /dev/null\nif [ $? != 0 ] ; then\n    # print error to STDERR\n    echo \"error: The sandbox is not in sync with the Podfile.lock. Run 'pod install' or update your CocoaPods installation.\" >&2\n    exit 1\nfi\n# This output is used by Xcode 'outputs' to avoid re-running this script phase.\necho \"SUCCESS\" > \"${SCRIPT_OUTPUT_FILE_0}\"\n";
			showEnvVarsInLog = 0;
		};
		C801C334CB5346772E9BF076 /* [CP] Check Pods Manifest.lock */ = {
			isa = PBXShellScriptBuildPhase;
			buildActionMask = 2147483647;
			files = (
			);
			inputPaths = (
				"${PODS_PODFILE_DIR_PATH}/Podfile.lock",
				"${PODS_ROOT}/Manifest.lock",
			);
			name = "[CP] Check Pods Manifest.lock";
			outputPaths = (
				"$(DERIVED_FILE_DIR)/Pods-NSSUITests-checkManifestLockResult.txt",
			);
			runOnlyForDeploymentPostprocessing = 0;
			shellPath = /bin/sh;
			shellScript = "diff \"${PODS_PODFILE_DIR_PATH}/Podfile.lock\" \"${PODS_ROOT}/Manifest.lock\" > /dev/null\nif [ $? != 0 ] ; then\n    # print error to STDERR\n    echo \"error: The sandbox is not in sync with the Podfile.lock. Run 'pod install' or update your CocoaPods installation.\" >&2\n    exit 1\nfi\n# This output is used by Xcode 'outputs' to avoid re-running this script phase.\necho \"SUCCESS\" > \"${SCRIPT_OUTPUT_FILE_0}\"\n";
			showEnvVarsInLog = 0;
		};
		E3959E1D5BC9773323AF79F8 /* [CP] Copy Pods Resources */ = {
			isa = PBXShellScriptBuildPhase;
			buildActionMask = 2147483647;
			files = (
			);
			inputPaths = (
			);
			name = "[CP] Copy Pods Resources";
			outputPaths = (
			);
			runOnlyForDeploymentPostprocessing = 0;
			shellPath = /bin/sh;
			shellScript = "\"${SRCROOT}/Pods/Target Support Files/Pods-NSS/Pods-NSS-resources.sh\"\n";
			showEnvVarsInLog = 0;
		};
		F1259B7586452AF54A252925 /* [CP] Copy Pods Resources */ = {
			isa = PBXShellScriptBuildPhase;
			buildActionMask = 2147483647;
			files = (
			);
			inputPaths = (
			);
			name = "[CP] Copy Pods Resources";
			outputPaths = (
			);
			runOnlyForDeploymentPostprocessing = 0;
			shellPath = /bin/sh;
			shellScript = "\"${SRCROOT}/Pods/Target Support Files/Pods-NSSTests/Pods-NSSTests-resources.sh\"\n";
			showEnvVarsInLog = 0;
		};
		FCA2AB8D01106DB91E905C2F /* [CP] Copy Pods Resources */ = {
			isa = PBXShellScriptBuildPhase;
			buildActionMask = 2147483647;
			files = (
			);
			inputPaths = (
			);
			name = "[CP] Copy Pods Resources";
			outputPaths = (
			);
			runOnlyForDeploymentPostprocessing = 0;
			shellPath = /bin/sh;
			shellScript = "\"${SRCROOT}/Pods/Target Support Files/Pods-NSSUITests/Pods-NSSUITests-resources.sh\"\n";
			showEnvVarsInLog = 0;
		};
/* End PBXShellScriptBuildPhase section */

/* Begin PBXSourcesBuildPhase section */
		C6FEB560203197F700ABEFC1 /* Sources */ = {
			isa = PBXSourcesBuildPhase;
			buildActionMask = 2147483647;
			files = (
				C6822D062032364B00068848 /* EventInfo.swift in Sources */,
				C6822D0320322B8200068848 /* TableViewCell.swift in Sources */,
				C64111442034A9DE00D8D6BC /* TableViewEventStudentCell.swift in Sources */,
				C6822CFA20321C6A00068848 /* StudentsP.swift in Sources */,
				C6822CF820321C5B00068848 /* EventsP.swift in Sources */,
				C6822CFC20321C7600068848 /* EventsS.swift in Sources */,
				C697AE8C20330E420047BFF2 /* addEvent.swift in Sources */,
				C6822D0C2032463C00068848 /* Studentinfo.swift in Sources */,
				C64111472034C78500D8D6BC /* updateStudentDetails.swift in Sources */,
				C6FEB56A203197F700ABEFC1 /* ViewController.swift in Sources */,
				C6822CFE2032237A00068848 /* Event.swift in Sources */,
				C6822D09203244EF00068848 /* TableViewStudentCell.swift in Sources */,
				C6FEB568203197F700ABEFC1 /* AppDelegate.swift in Sources */,
			);
			runOnlyForDeploymentPostprocessing = 0;
		};
		C6FEB574203197F700ABEFC1 /* Sources */ = {
			isa = PBXSourcesBuildPhase;
			buildActionMask = 2147483647;
			files = (
				C6FEB57D203197F700ABEFC1 /* NSSTests.swift in Sources */,
			);
			runOnlyForDeploymentPostprocessing = 0;
		};
		C6FEB57F203197F700ABEFC1 /* Sources */ = {
			isa = PBXSourcesBuildPhase;
			buildActionMask = 2147483647;
			files = (
				C6FEB588203197F700ABEFC1 /* NSSUITests.swift in Sources */,
			);
			runOnlyForDeploymentPostprocessing = 0;
		};
/* End PBXSourcesBuildPhase section */

/* Begin PBXTargetDependency section */
		C6FEB57A203197F700ABEFC1 /* PBXTargetDependency */ = {
			isa = PBXTargetDependency;
			target = C6FEB563203197F700ABEFC1 /* NSS */;
			targetProxy = C6FEB579203197F700ABEFC1 /* PBXContainerItemProxy */;
		};
		C6FEB585203197F700ABEFC1 /* PBXTargetDependency */ = {
			isa = PBXTargetDependency;
			target = C6FEB563203197F700ABEFC1 /* NSS */;
			targetProxy = C6FEB584203197F700ABEFC1 /* PBXContainerItemProxy */;
		};
/* End PBXTargetDependency section */

/* Begin PBXVariantGroup section */
		C6FEB56B203197F700ABEFC1 /* Main.storyboard */ = {
			isa = PBXVariantGroup;
			children = (
				C6FEB56C203197F700ABEFC1 /* Base */,
			);
			name = Main.storyboard;
			sourceTree = "<group>";
		};
		C6FEB570203197F700ABEFC1 /* LaunchScreen.storyboard */ = {
			isa = PBXVariantGroup;
			children = (
				C6FEB571203197F700ABEFC1 /* Base */,
			);
			name = LaunchScreen.storyboard;
			sourceTree = "<group>";
		};
/* End PBXVariantGroup section */

/* Begin XCBuildConfiguration section */
		C6FEB58A203197F800ABEFC1 /* Debug */ = {
			isa = XCBuildConfiguration;
			buildSettings = {
				ALWAYS_SEARCH_USER_PATHS = NO;
				CLANG_ANALYZER_NONNULL = YES;
				CLANG_ANALYZER_NUMBER_OBJECT_CONVERSION = YES_AGGRESSIVE;
				CLANG_CXX_LANGUAGE_STANDARD = "gnu++0x";
				CLANG_CXX_LIBRARY = "libc++";
				CLANG_ENABLE_MODULES = YES;
				CLANG_ENABLE_OBJC_ARC = YES;
				CLANG_WARN_BOOL_CONVERSION = YES;
				CLANG_WARN_CONSTANT_CONVERSION = YES;
				CLANG_WARN_DIRECT_OBJC_ISA_USAGE = YES_ERROR;
				CLANG_WARN_DOCUMENTATION_COMMENTS = YES;
				CLANG_WARN_EMPTY_BODY = YES;
				CLANG_WARN_ENUM_CONVERSION = YES;
				CLANG_WARN_INFINITE_RECURSION = YES;
				CLANG_WARN_INT_CONVERSION = YES;
				CLANG_WARN_OBJC_ROOT_CLASS = YES_ERROR;
				CLANG_WARN_SUSPICIOUS_MOVE = YES;
				CLANG_WARN_UNREACHABLE_CODE = YES;
				CLANG_WARN__DUPLICATE_METHOD_MATCH = YES;
				"CODE_SIGN_IDENTITY[sdk=iphoneos*]" = "iPhone Developer";
				COPY_PHASE_STRIP = NO;
				DEBUG_INFORMATION_FORMAT = dwarf;
				ENABLE_STRICT_OBJC_MSGSEND = YES;
				ENABLE_TESTABILITY = YES;
				GCC_C_LANGUAGE_STANDARD = gnu99;
				GCC_DYNAMIC_NO_PIC = NO;
				GCC_NO_COMMON_BLOCKS = YES;
				GCC_OPTIMIZATION_LEVEL = 0;
				GCC_PREPROCESSOR_DEFINITIONS = (
					"DEBUG=1",
					"$(inherited)",
				);
				GCC_WARN_64_TO_32_BIT_CONVERSION = YES;
				GCC_WARN_ABOUT_RETURN_TYPE = YES_ERROR;
				GCC_WARN_UNDECLARED_SELECTOR = YES;
				GCC_WARN_UNINITIALIZED_AUTOS = YES_AGGRESSIVE;
				GCC_WARN_UNUSED_FUNCTION = YES;
				GCC_WARN_UNUSED_VARIABLE = YES;
				IPHONEOS_DEPLOYMENT_TARGET = 10.3;
				MTL_ENABLE_DEBUG_INFO = YES;
				ONLY_ACTIVE_ARCH = YES;
				SDKROOT = iphoneos;
				SWIFT_ACTIVE_COMPILATION_CONDITIONS = DEBUG;
				SWIFT_OPTIMIZATION_LEVEL = "-Onone";
				TARGETED_DEVICE_FAMILY = "1,2";
			};
			name = Debug;
		};
		C6FEB58B203197F800ABEFC1 /* Release */ = {
			isa = XCBuildConfiguration;
			buildSettings = {
				ALWAYS_SEARCH_USER_PATHS = NO;
				CLANG_ANALYZER_NONNULL = YES;
				CLANG_ANALYZER_NUMBER_OBJECT_CONVERSION = YES_AGGRESSIVE;
				CLANG_CXX_LANGUAGE_STANDARD = "gnu++0x";
				CLANG_CXX_LIBRARY = "libc++";
				CLANG_ENABLE_MODULES = YES;
				CLANG_ENABLE_OBJC_ARC = YES;
				CLANG_WARN_BOOL_CONVERSION = YES;
				CLANG_WARN_CONSTANT_CONVERSION = YES;
				CLANG_WARN_DIRECT_OBJC_ISA_USAGE = YES_ERROR;
				CLANG_WARN_DOCUMENTATION_COMMENTS = YES;
				CLANG_WARN_EMPTY_BODY = YES;
				CLANG_WARN_ENUM_CONVERSION = YES;
				CLANG_WARN_INFINITE_RECURSION = YES;
				CLANG_WARN_INT_CONVERSION = YES;
				CLANG_WARN_OBJC_ROOT_CLASS = YES_ERROR;
				CLANG_WARN_SUSPICIOUS_MOVE = YES;
				CLANG_WARN_UNREACHABLE_CODE = YES;
				CLANG_WARN__DUPLICATE_METHOD_MATCH = YES;
				"CODE_SIGN_IDENTITY[sdk=iphoneos*]" = "iPhone Developer";
				COPY_PHASE_STRIP = NO;
				DEBUG_INFORMATION_FORMAT = "dwarf-with-dsym";
				ENABLE_NS_ASSERTIONS = NO;
				ENABLE_STRICT_OBJC_MSGSEND = YES;
				GCC_C_LANGUAGE_STANDARD = gnu99;
				GCC_NO_COMMON_BLOCKS = YES;
				GCC_WARN_64_TO_32_BIT_CONVERSION = YES;
				GCC_WARN_ABOUT_RETURN_TYPE = YES_ERROR;
				GCC_WARN_UNDECLARED_SELECTOR = YES;
				GCC_WARN_UNINITIALIZED_AUTOS = YES_AGGRESSIVE;
				GCC_WARN_UNUSED_FUNCTION = YES;
				GCC_WARN_UNUSED_VARIABLE = YES;
				IPHONEOS_DEPLOYMENT_TARGET = 10.3;
				MTL_ENABLE_DEBUG_INFO = NO;
				SDKROOT = iphoneos;
				SWIFT_OPTIMIZATION_LEVEL = "-Owholemodule";
				TARGETED_DEVICE_FAMILY = "1,2";
				VALIDATE_PRODUCT = YES;
			};
			name = Release;
		};
		C6FEB58D203197F800ABEFC1 /* Debug */ = {
			isa = XCBuildConfiguration;
			baseConfigurationReference = 1E3096D36EE03C2674FCEA1F /* Pods-NSS.debug.xcconfig */;
			buildSettings = {
				ASSETCATALOG_COMPILER_APPICON_NAME = AppIcon;
				DEVELOPMENT_TEAM = JDJ9US37MV;
				INFOPLIST_FILE = NSS/Info.plist;
				LD_RUNPATH_SEARCH_PATHS = "$(inherited) @executable_path/Frameworks";
				PRODUCT_BUNDLE_IDENTIFIER = RRM.NSS;
				PRODUCT_NAME = "$(TARGET_NAME)";
				SWIFT_VERSION = 3.0;
			};
			name = Debug;
		};
		C6FEB58E203197F800ABEFC1 /* Release */ = {
			isa = XCBuildConfiguration;
			baseConfigurationReference = 59D20F2BABBBC1768A3C46C9 /* Pods-NSS.release.xcconfig */;
			buildSettings = {
				ASSETCATALOG_COMPILER_APPICON_NAME = AppIcon;
				DEVELOPMENT_TEAM = JDJ9US37MV;
				INFOPLIST_FILE = NSS/Info.plist;
				LD_RUNPATH_SEARCH_PATHS = "$(inherited) @executable_path/Frameworks";
				PRODUCT_BUNDLE_IDENTIFIER = RRM.NSS;
				PRODUCT_NAME = "$(TARGET_NAME)";
				SWIFT_VERSION = 3.0;
			};
			name = Release;
		};
		C6FEB590203197F800ABEFC1 /* Debug */ = {
			isa = XCBuildConfiguration;
			baseConfigurationReference = F75BE00B1C024FAD4FBB949B /* Pods-NSSTests.debug.xcconfig */;
			buildSettings = {
				ALWAYS_EMBED_SWIFT_STANDARD_LIBRARIES = YES;
				BUNDLE_LOADER = "$(TEST_HOST)";
				INFOPLIST_FILE = NSSTests/Info.plist;
				LD_RUNPATH_SEARCH_PATHS = "$(inherited) @executable_path/Frameworks @loader_path/Frameworks";
				PRODUCT_BUNDLE_IDENTIFIER = RRM.NSSTests;
				PRODUCT_NAME = "$(TARGET_NAME)";
				SWIFT_VERSION = 3.0;
				TEST_HOST = "$(BUILT_PRODUCTS_DIR)/NSS.app/NSS";
			};
			name = Debug;
		};
		C6FEB591203197F800ABEFC1 /* Release */ = {
			isa = XCBuildConfiguration;
			baseConfigurationReference = 6D65E222D63CB00F116D3F69 /* Pods-NSSTests.release.xcconfig */;
			buildSettings = {
				ALWAYS_EMBED_SWIFT_STANDARD_LIBRARIES = YES;
				BUNDLE_LOADER = "$(TEST_HOST)";
				INFOPLIST_FILE = NSSTests/Info.plist;
				LD_RUNPATH_SEARCH_PATHS = "$(inherited) @executable_path/Frameworks @loader_path/Frameworks";
				PRODUCT_BUNDLE_IDENTIFIER = RRM.NSSTests;
				PRODUCT_NAME = "$(TARGET_NAME)";
				SWIFT_VERSION = 3.0;
				TEST_HOST = "$(BUILT_PRODUCTS_DIR)/NSS.app/NSS";
			};
			name = Release;
		};
		C6FEB593203197F800ABEFC1 /* Debug */ = {
			isa = XCBuildConfiguration;
			baseConfigurationReference = E625B47D698FC216576D1492 /* Pods-NSSUITests.debug.xcconfig */;
			buildSettings = {
				ALWAYS_EMBED_SWIFT_STANDARD_LIBRARIES = YES;
				INFOPLIST_FILE = NSSUITests/Info.plist;
				LD_RUNPATH_SEARCH_PATHS = "$(inherited) @executable_path/Frameworks @loader_path/Frameworks";
				PRODUCT_BUNDLE_IDENTIFIER = RRM.NSSUITests;
				PRODUCT_NAME = "$(TARGET_NAME)";
				SWIFT_VERSION = 3.0;
				TEST_TARGET_NAME = NSS;
			};
			name = Debug;
		};
		C6FEB594203197F800ABEFC1 /* Release */ = {
			isa = XCBuildConfiguration;
			baseConfigurationReference = 68940D94E6DE0291DC0130CA /* Pods-NSSUITests.release.xcconfig */;
			buildSettings = {
				ALWAYS_EMBED_SWIFT_STANDARD_LIBRARIES = YES;
				INFOPLIST_FILE = NSSUITests/Info.plist;
				LD_RUNPATH_SEARCH_PATHS = "$(inherited) @executable_path/Frameworks @loader_path/Frameworks";
				PRODUCT_BUNDLE_IDENTIFIER = RRM.NSSUITests;
				PRODUCT_NAME = "$(TARGET_NAME)";
				SWIFT_VERSION = 3.0;
				TEST_TARGET_NAME = NSS;
			};
			name = Release;
		};
/* End XCBuildConfiguration section */

/* Begin XCConfigurationList section */
		C6FEB55F203197F700ABEFC1 /* Build configuration list for PBXProject "NSS" */ = {
			isa = XCConfigurationList;
			buildConfigurations = (
				C6FEB58A203197F800ABEFC1 /* Debug */,
				C6FEB58B203197F800ABEFC1 /* Release */,
			);
			defaultConfigurationIsVisible = 0;
			defaultConfigurationName = Release;
		};
		C6FEB58C203197F800ABEFC1 /* Build configuration list for PBXNativeTarget "NSS" */ = {
			isa = XCConfigurationList;
			buildConfigurations = (
				C6FEB58D203197F800ABEFC1 /* Debug */,
				C6FEB58E203197F800ABEFC1 /* Release */,
			);
			defaultConfigurationIsVisible = 0;
			defaultConfigurationName = Release;
		};
		C6FEB58F203197F800ABEFC1 /* Build configuration list for PBXNativeTarget "NSSTests" */ = {
			isa = XCConfigurationList;
			buildConfigurations = (
				C6FEB590203197F800ABEFC1 /* Debug */,
				C6FEB591203197F800ABEFC1 /* Release */,
			);
			defaultConfigurationIsVisible = 0;
			defaultConfigurationName = Release;
		};
		C6FEB592203197F800ABEFC1 /* Build configuration list for PBXNativeTarget "NSSUITests" */ = {
			isa = XCConfigurationList;
			buildConfigurations = (
				C6FEB593203197F800ABEFC1 /* Debug */,
				C6FEB594203197F800ABEFC1 /* Release */,
			);
			defaultConfigurationIsVisible = 0;
			defaultConfigurationName = Release;
		};
/* End XCConfigurationList section */
	};
	rootObject = C6FEB55C203197F700ABEFC1 /* Project object */;
}
